
Microsoft Visual Studio Solution File, Format Version 12.00
# Visual Studio Version 17
VisualStudioVersion = 17.6.33723.286
MinimumVisualStudioVersion = 10.0.40219.1
Project("{FAE04EC0-301F-11D3-BF4B-00C04F79EFBC}") = "While e leitura", "While e leitura\While e leitura.csproj", "{4D847958-926E-4A0A-B152-5987232DD62F}"
EndProject
Global
	GlobalSection(SolutionConfigurationPlatforms) = preSolution
		Debug|Any CPU = Debug|Any CPU
		Release|Any CPU = Release|Any CPU
	EndGlobalSection
	GlobalSection(ProjectConfigurationPlatforms) = postSolution
		{4D847958-926E-4A0A-B152-5987232DD62F}.Debug|Any CPU.ActiveCfg = Debug|Any CPU
		{4D847958-926E-4A0A-B152-5987232DD62F}.Debug|Any CPU.Build.0 = Debug|Any CPU
		{4D847958-926E-4A0A-B152-5987232DD62F}.Release|Any CPU.ActiveCfg = Release|Any CPU
		{4D847958-926E-4A0A-B152-5987232DD62F}.Release|Any CPU.Build.0 = Release|Any CPU
	EndGlobalSection
	GlobalSection(SolutionProperties) = preSolution
		HideSolutionNode = FALSE
	EndGlobalSection
	GlobalSection(ExtensibilityGlobals) = postSolution
		SolutionGuid = {5C537288-2D99-4195-8411-401C85B64099}
	EndGlobalSection
EndGlobal
