
Microsoft Visual Studio Solution File, Format Version 12.00
# Visual Studio Version 17
VisualStudioVersion = 17.6.33723.286
MinimumVisualStudioVersion = 10.0.40219.1
Project("{FAE04EC0-301F-11D3-BF4B-00C04F79EFBC}") = "WinFormsApp1", "WinFormsApp1\WinFormsApp1.csproj", "{A1FC156C-389D-4AB3-8E76-0B7AC606A6BB}"
EndProject
Global
	GlobalSection(SolutionConfigurationPlatforms) = preSolution
		Debug|Any CPU = Debug|Any CPU
		Release|Any CPU = Release|Any CPU
	EndGlobalSection
	GlobalSection(ProjectConfigurationPlatforms) = postSolution
		{A1FC156C-389D-4AB3-8E76-0B7AC606A6BB}.Debug|Any CPU.ActiveCfg = Debug|Any CPU
		{A1FC156C-389D-4AB3-8E76-0B7AC606A6BB}.Debug|Any CPU.Build.0 = Debug|Any CPU
		{A1FC156C-389D-4AB3-8E76-0B7AC606A6BB}.Release|Any CPU.ActiveCfg = Release|Any CPU
		{A1FC156C-389D-4AB3-8E76-0B7AC606A6BB}.Release|Any CPU.Build.0 = Release|Any CPU
	EndGlobalSection
	GlobalSection(SolutionProperties) = preSolution
		HideSolutionNode = FALSE
	EndGlobalSection
	GlobalSection(ExtensibilityGlobals) = postSolution
		SolutionGuid = {8BFCDB9B-5C85-4075-9E4A-F70D10650A9F}
	EndGlobalSection
EndGlobal
