
Microsoft Visual Studio Solution File, Format Version 12.00
# Visual Studio Version 17
VisualStudioVersion = 17.6.33723.286
MinimumVisualStudioVersion = 10.0.40219.1
Project("{FAE04EC0-301F-11D3-BF4B-00C04F79EFBC}") = "exercicios 20 06", "exercicios 20 06\exercicios 20 06.csproj", "{EADA1DE3-C419-4174-A596-9B7F39EBA6BB}"
EndProject
Global
	GlobalSection(SolutionConfigurationPlatforms) = preSolution
		Debug|Any CPU = Debug|Any CPU
		Release|Any CPU = Release|Any CPU
	EndGlobalSection
	GlobalSection(ProjectConfigurationPlatforms) = postSolution
		{EADA1DE3-C419-4174-A596-9B7F39EBA6BB}.Debug|Any CPU.ActiveCfg = Debug|Any CPU
		{EADA1DE3-C419-4174-A596-9B7F39EBA6BB}.Debug|Any CPU.Build.0 = Debug|Any CPU
		{EADA1DE3-C419-4174-A596-9B7F39EBA6BB}.Release|Any CPU.ActiveCfg = Release|Any CPU
		{EADA1DE3-C419-4174-A596-9B7F39EBA6BB}.Release|Any CPU.Build.0 = Release|Any CPU
	EndGlobalSection
	GlobalSection(SolutionProperties) = preSolution
		HideSolutionNode = FALSE
	EndGlobalSection
	GlobalSection(ExtensibilityGlobals) = postSolution
		SolutionGuid = {E7B6FC00-B14B-4D2C-9163-39D89F5DDA88}
	EndGlobalSection
EndGlobal
